{
  "name": "WebDevProject",
  "lockfileVersion": 2,
  "requires": true,
  "packages": {
    "": {
      "dependencies": {
        "@splidejs/splide": "^3.6.12",
        "color.js": "^1.2.0",
        "fast-average-color": "^7.1.0"
      }
    },
    "node_modules/@splidejs/splide": {
      "version": "3.6.12",
      "resolved": "https://registry.npmjs.org/@splidejs/splide/-/splide-3.6.12.tgz",
      "integrity": "sha512-ggOUAuSxjWuxxL0IQEZcux26KByfKWfYM2HYmvDBdxkXc5evVW+xuECO+3iuciyrJpgcbYTr4hn0cHfbNlYIeA=="
    },
    "node_modules/@types/offscreencanvas": {
      "version": "2019.6.4",
      "resolved": "https://registry.npmjs.org/@types/offscreencanvas/-/offscreencanvas-2019.6.4.tgz",
      "integrity": "sha512-u8SAgdZ8ROtkTF+mfZGOscl0or6BSj9A4g37e6nvxDc+YB/oDut0wHkK2PBBiC2bNR8TS0CPV+1gAk4fNisr1Q=="
    },
    "node_modules/color.js": {
      "version": "1.2.0",
      "resolved": "https://registry.npmjs.org/color.js/-/color.js-1.2.0.tgz",
      "integrity": "sha512-0ajlNgWWOR7EK9N6l2h0YKsZPzMCLQG5bheCoTGpGfhkR8tB5eQNItdua1oFHDTeq9JKgSzQJqo+Gp3V/xW+Lw=="
    },
    "node_modules/fast-average-color": {
      "version": "7.1.0",
      "resolved": "https://registry.npmjs.org/fast-average-color/-/fast-average-color-7.1.0.tgz",
      "integrity": "sha512-eTc18sdbr2P2xZFMhvWmo+T7MJ403k4jSiapTMoOcvkptu7SWOU+TzN4tFL4B9sIKUSXA63Xu7Mpc4fmncDZ+Q==",
      "dependencies": {
        "@types/offscreencanvas": "^2019.6.4"
      },
      "engines": {
        "node": ">= 12"
      }
    }
  },
  "dependencies": {
    "@splidejs/splide": {
      "version": "3.6.12",
      "resolved": "https://registry.npmjs.org/@splidejs/splide/-/splide-3.6.12.tgz",
      "integrity": "sha512-ggOUAuSxjWuxxL0IQEZcux26KByfKWfYM2HYmvDBdxkXc5evVW+xuECO+3iuciyrJpgcbYTr4hn0cHfbNlYIeA=="
    },
    "@types/offscreencanvas": {
      "version": "2019.6.4",
      "resolved": "https://registry.npmjs.org/@types/offscreencanvas/-/offscreencanvas-2019.6.4.tgz",
      "integrity": "sha512-u8SAgdZ8ROtkTF+mfZGOscl0or6BSj9A4g37e6nvxDc+YB/oDut0wHkK2PBBiC2bNR8TS0CPV+1gAk4fNisr1Q=="
    },
    "color.js": {
      "version": "1.2.0",
      "resolved": "https://registry.npmjs.org/color.js/-/color.js-1.2.0.tgz",
      "integrity": "sha512-0ajlNgWWOR7EK9N6l2h0YKsZPzMCLQG5bheCoTGpGfhkR8tB5eQNItdua1oFHDTeq9JKgSzQJqo+Gp3V/xW+Lw=="
    },
    "fast-average-color": {
      "version": "7.1.0",
      "resolved": "https://registry.npmjs.org/fast-average-color/-/fast-average-color-7.1.0.tgz",
      "integrity": "sha512-eTc18sdbr2P2xZFMhvWmo+T7MJ403k4jSiapTMoOcvkptu7SWOU+TzN4tFL4B9sIKUSXA63Xu7Mpc4fmncDZ+Q==",
      "requires": {
        "@types/offscreencanvas": "^2019.6.4"
      }
    }
  }
}
